// !$*UTF8*$!
{
	archiveVersion = 1;
	classes = {
	};
	objectVersion = 45;
	objects = {

/* Begin PBXBuildFile section */
		1D60589B0D05DD56006BFB54 /* main.m in Sources */ = {isa = PBXBuildFile; fileRef = 29B97316FDCFA39411CA2CEA /* main.m */; };
		1D60589F0D05DD5A006BFB54 /* Foundation.framework in Frameworks */ = {isa = PBXBuildFile; fileRef = 1D30AB110D05D00D00671497 /* Foundation.framework */; };
		1DF5F4E00D08C38300B7A737 /* UIKit.framework in Frameworks */ = {isa = PBXBuildFile; fileRef = 1DF5F4DF0D08C38300B7A737 /* UIKit.framework */; };
		2892E4100DC94CBA00A64D0F /* CoreGraphics.framework in Frameworks */ = {isa = PBXBuildFile; fileRef = 2892E40F0DC94CBA00A64D0F /* CoreGraphics.framework */; };
		2899E5600DE3E45000AC0155 /* RootViewController.xib in Resources */ = {isa = PBXBuildFile; fileRef = 2899E55F0DE3E45000AC0155 /* RootViewController.xib */; };
		28AD73600D9D9599002E5188 /* MainWindow.xib in Resources */ = {isa = PBXBuildFile; fileRef = 28AD735F0D9D9599002E5188 /* MainWindow.xib */; };
		28C286E10D94DF7D0034E888 /* RootViewController.m in Sources */ = {isa = PBXBuildFile; fileRef = 28C286E00D94DF7D0034E888 /* RootViewController.m */; };
		6310B0691021BBF300F4DE3C /* TwoTextEntryViewController.m in Sources */ = {isa = PBXBuildFile; fileRef = 6310B0671021BBF300F4DE3C /* TwoTextEntryViewController.m */; };
		6310B06A1021BBF300F4DE3C /* TwoTextEntryViewController.xib in Resources */ = {isa = PBXBuildFile; fileRef = 6310B0681021BBF300F4DE3C /* TwoTextEntryViewController.xib */; };
		63113EBB0FD63D5B00085D14 /* Default.png in Resources */ = {isa = PBXBuildFile; fileRef = 63113EBA0FD63D5B00085D14 /* Default.png */; };
		636602C410142F2E00EF1CBB /* HSK_CFUtilities.m in Sources */ = {isa = PBXBuildFile; fileRef = 636602BA10142F2E00EF1CBB /* HSK_CFUtilities.m */; };
		636602C510142F2E00EF1CBB /* SKPSMTPMessage.m in Sources */ = {isa = PBXBuildFile; fileRef = 636602BB10142F2E00EF1CBB /* SKPSMTPMessage.m */; };
		636602C610142F2E00EF1CBB /* NSStream+SKPSMTPExtensions.m in Sources */ = {isa = PBXBuildFile; fileRef = 636602BD10142F2E00EF1CBB /* NSStream+SKPSMTPExtensions.m */; };
		636602C710142F2E00EF1CBB /* NSData+Base64Additions.m in Sources */ = {isa = PBXBuildFile; fileRef = 636602BF10142F2E00EF1CBB /* NSData+Base64Additions.m */; };
		636602C810142F2E00EF1CBB /* Base64Transcoder.m in Sources */ = {isa = PBXBuildFile; fileRef = 636602C210142F2E00EF1CBB /* Base64Transcoder.m */; };
		636602DF10142F6A00EF1CBB /* CFNetwork.framework in Frameworks */ = {isa = PBXBuildFile; fileRef = 636602DE10142F6A00EF1CBB /* CFNetwork.framework */; };
		636604AA10144EF800EF1CBB /* AddressBook.framework in Frameworks */ = {isa = PBXBuildFile; fileRef = 636604A910144EF800EF1CBB /* AddressBook.framework */; };
		636604BC10144F5000EF1CBB /* ContactViewController.m in Sources */ = {isa = PBXBuildFile; fileRef = 636604BA10144F5000EF1CBB /* ContactViewController.m */; };
		636604BD10144F5000EF1CBB /* ContactViewController.xib in Resources */ = {isa = PBXBuildFile; fileRef = 636604BB10144F5000EF1CBB /* ContactViewController.xib */; };
		6385280A0F6E63FF001D6B67 /* Menstural_Cycle.m in Sources */ = {isa = PBXBuildFile; fileRef = 638528090F6E63FF001D6B67 /* Menstural_Cycle.m */; };
		638DB6FD0FC40D9700322274 /* Start_Logo.png in Resources */ = {isa = PBXBuildFile; fileRef = 638DB6FC0FC40D9700322274 /* Start_Logo.png */; };
		638FB2CC0F662DDD0029D082 /* User_Settings.m in Sources */ = {isa = PBXBuildFile; fileRef = 638FB2CB0F662DDD0029D082 /* User_Settings.m */; };
		6390E1180F80AD90009D7B3B /* First_View.xib in Resources */ = {isa = PBXBuildFile; fileRef = 6390E1170F80AD90009D7B3B /* First_View.xib */; };
		6390E11C0F80ADC0009D7B3B /* FirstViewController.m in Sources */ = {isa = PBXBuildFile; fileRef = 6390E11B0F80ADC0009D7B3B /* FirstViewController.m */; };
		6390E15C0F80B449009D7B3B /* SelectSettingsViewController.m in Sources */ = {isa = PBXBuildFile; fileRef = 6390E15B0F80B449009D7B3B /* SelectSettingsViewController.m */; };
		6390E1670F80B5C0009D7B3B /* First_Settings.xib in Resources */ = {isa = PBXBuildFile; fileRef = 6390E1660F80B5C0009D7B3B /* First_Settings.xib */; };
		6390E1970F80B695009D7B3B /* UserViewController.m in Sources */ = {isa = PBXBuildFile; fileRef = 6390E1960F80B695009D7B3B /* UserViewController.m */; };
		6390E19F0F80B797009D7B3B /* UserSelect.xib in Resources */ = {isa = PBXBuildFile; fileRef = 6390E19E0F80B797009D7B3B /* UserSelect.xib */; };
		6390E1C70F80C3AB009D7B3B /* UnitsViewController.m in Sources */ = {isa = PBXBuildFile; fileRef = 6390E1C60F80C3AB009D7B3B /* UnitsViewController.m */; };
		6390E1D30F80C5D0009D7B3B /* UnitsView.xib in Resources */ = {isa = PBXBuildFile; fileRef = 6390E1D20F80C5D0009D7B3B /* UnitsView.xib */; };
		6390E25B0F80D368009D7B3B /* Vitals_Detail.m in Sources */ = {isa = PBXBuildFile; fileRef = 6390E25A0F80D368009D7B3B /* Vitals_Detail.m */; };
		6390E4AD0F80F5FA009D7B3B /* Medicine.m in Sources */ = {isa = PBXBuildFile; fileRef = 6390E4AC0F80F5FA009D7B3B /* Medicine.m */; };
		639128570F64EF1800222EAF /* libsqlite3.0.dylib in Frameworks */ = {isa = PBXBuildFile; fileRef = 639128560F64EF1700222EAF /* libsqlite3.0.dylib */; };
		639129A30F65064B00222EAF /* UserTextEntryViewController.m in Sources */ = {isa = PBXBuildFile; fileRef = 639129A20F65064B00222EAF /* UserTextEntryViewController.m */; };
		639129A60F65066D00222EAF /* TextEntry.xib in Resources */ = {isa = PBXBuildFile; fileRef = 639129A50F65066D00222EAF /* TextEntry.xib */; };
		639485100FC413CC0008BD59 /* reports.png in Resources */ = {isa = PBXBuildFile; fileRef = 6394850C0FC413CC0008BD59 /* reports.png */; };
		639485110FC413CC0008BD59 /* log_routines.png in Resources */ = {isa = PBXBuildFile; fileRef = 6394850D0FC413CC0008BD59 /* log_routines.png */; };
		639485120FC413CC0008BD59 /* user_settings.png in Resources */ = {isa = PBXBuildFile; fileRef = 6394850E0FC413CC0008BD59 /* user_settings.png */; };
		639485E20FC41F630008BD59 /* SleepTableViewCell.m in Sources */ = {isa = PBXBuildFile; fileRef = 639485E10FC41F630008BD59 /* SleepTableViewCell.m */; };
		639486260FC4231E0008BD59 /* healthtracker.sqlite in Resources */ = {isa = PBXBuildFile; fileRef = 639486250FC4231E0008BD59 /* healthtracker.sqlite */; };
		63967E7C0FBC2CB700CAD61B /* preferences.png in Resources */ = {isa = PBXBuildFile; fileRef = 63967E750FBC2CB700CAD61B /* preferences.png */; };
		63967E7D0FBC2CB700CAD61B /* medicines.png in Resources */ = {isa = PBXBuildFile; fileRef = 63967E760FBC2CB700CAD61B /* medicines.png */; };
		63967E7F0FBC2CB700CAD61B /* log_data.png in Resources */ = {isa = PBXBuildFile; fileRef = 63967E780FBC2CB700CAD61B /* log_data.png */; };
		63967E800FBC2CB700CAD61B /* favorites.png in Resources */ = {isa = PBXBuildFile; fileRef = 63967E790FBC2CB700CAD61B /* favorites.png */; };
		639EE45F0F68EA10005D6445 /* SelectMedicineSettingsController.m in Sources */ = {isa = PBXBuildFile; fileRef = 639EE45E0F68EA10005D6445 /* SelectMedicineSettingsController.m */; };
		639EE4A50F68EE20005D6445 /* MedicineSettings.xib in Resources */ = {isa = PBXBuildFile; fileRef = 639EE4A40F68EE20005D6445 /* MedicineSettings.xib */; };
		63A195EA0FC28BBD00C5A377 /* PainViewController.m in Sources */ = {isa = PBXBuildFile; fileRef = 63A195E80FC28BBD00C5A377 /* PainViewController.m */; };
		63A195EB0FC28BBD00C5A377 /* PainViewController.xib in Resources */ = {isa = PBXBuildFile; fileRef = 63A195E90FC28BBD00C5A377 /* PainViewController.xib */; };
		63A197500FC2ABDA00C5A377 /* InfoViewController.m in Sources */ = {isa = PBXBuildFile; fileRef = 63A1974E0FC2ABDA00C5A377 /* InfoViewController.m */; };
		63A197510FC2ABDA00C5A377 /* InfoViewController.xib in Resources */ = {isa = PBXBuildFile; fileRef = 63A1974F0FC2ABDA00C5A377 /* InfoViewController.xib */; };
		63A1991A0FC2EE8E00C5A377 /* sad_smile.png in Resources */ = {isa = PBXBuildFile; fileRef = 63A199180FC2EE8E00C5A377 /* sad_smile.png */; };
		63A1991B0FC2EE8E00C5A377 /* smile.png in Resources */ = {isa = PBXBuildFile; fileRef = 63A199190FC2EE8E00C5A377 /* smile.png */; };
		63A4876C0F84F30F00AD9033 /* CalendarTableViewCell.m in Sources */ = {isa = PBXBuildFile; fileRef = 63A4876B0F84F30F00AD9033 /* CalendarTableViewCell.m */; };
		63A487A50F84F85A00AD9033 /* delete_Routines.png in Resources */ = {isa = PBXBuildFile; fileRef = 63A487A30F84F85A00AD9033 /* delete_Routines.png */; };
		63A487A60F84F85A00AD9033 /* delete_vitals.png in Resources */ = {isa = PBXBuildFile; fileRef = 63A487A40F84F85A00AD9033 /* delete_vitals.png */; };
		63A625F10F82098400F534A4 /* Routine_Detail.m in Sources */ = {isa = PBXBuildFile; fileRef = 63A625F00F82098400F534A4 /* Routine_Detail.m */; };
		63AB64D60F7896340059DB2C /* SelectButtonViewController.m in Sources */ = {isa = PBXBuildFile; fileRef = 63AB64D50F7896340059DB2C /* SelectButtonViewController.m */; };
		63AB64F40F789A850059DB2C /* SelectButton.xib in Resources */ = {isa = PBXBuildFile; fileRef = 63AB64F30F789A850059DB2C /* SelectButton.xib */; };
		63ACC6250F70AECE00A29083 /* EnterPasscodeViewController.m in Sources */ = {isa = PBXBuildFile; fileRef = 63ACC6240F70AECE00A29083 /* EnterPasscodeViewController.m */; };
		63ACC6330F70B17400A29083 /* Passcode.xib in Resources */ = {isa = PBXBuildFile; fileRef = 63ACC6320F70B17400A29083 /* Passcode.xib */; };
		63B5CD920F8350F4007CB65A /* setting1.png in Resources */ = {isa = PBXBuildFile; fileRef = 63B5CD900F8350F4007CB65A /* setting1.png */; };
		63B5CE570F8371B8007CB65A /* CalendarReportViewController.m in Sources */ = {isa = PBXBuildFile; fileRef = 63B5CE560F8371B8007CB65A /* CalendarReportViewController.m */; };
		63B5CE590F8371C6007CB65A /* Calendar.xib in Resources */ = {isa = PBXBuildFile; fileRef = 63B5CE580F8371C6007CB65A /* Calendar.xib */; };
		63B5CF640F8389B7007CB65A /* ShowReportViewController.m in Sources */ = {isa = PBXBuildFile; fileRef = 63B5CF630F8389B7007CB65A /* ShowReportViewController.m */; };
		63B5CF910F838B73007CB65A /* ShowCalendar.xib in Resources */ = {isa = PBXBuildFile; fileRef = 63B5CF900F838B73007CB65A /* ShowCalendar.xib */; };
		63B5D14B0F839AED007CB65A /* HealthTrackerAppDelegate.m in Sources */ = {isa = PBXBuildFile; fileRef = 63B5D14A0F839AED007CB65A /* HealthTrackerAppDelegate.m */; };
		63BC728E0F7E04B7000142FE /* AddUserSegmentTableCell.m in Sources */ = {isa = PBXBuildFile; fileRef = 63BC728D0F7E04B7000142FE /* AddUserSegmentTableCell.m */; };
		63BC74A90F7E3203000142FE /* CustomSwitch.m in Sources */ = {isa = PBXBuildFile; fileRef = 63BC74A80F7E3203000142FE /* CustomSwitch.m */; };
		63C2EA750F5CF06500652849 /* SettingsViewController.m in Sources */ = {isa = PBXBuildFile; fileRef = 63C2EA740F5CF06500652849 /* SettingsViewController.m */; };
		63C2EA780F5CF07400652849 /* SettingTableViewCell.m in Sources */ = {isa = PBXBuildFile; fileRef = 63C2EA770F5CF07400652849 /* SettingTableViewCell.m */; };
		63C2EA8F0F5CF3A800652849 /* checked.png in Resources */ = {isa = PBXBuildFile; fileRef = 63C2EA8C0F5CF3A800652849 /* checked.png */; };
		63C2EA900F5CF3A800652849 /* unchecked.png in Resources */ = {isa = PBXBuildFile; fileRef = 63C2EA8D0F5CF3A800652849 /* unchecked.png */; };
		63C2EB390F5D06CA00652849 /* AddUserButtonTableViewCell.m in Sources */ = {isa = PBXBuildFile; fileRef = 63C2EB380F5D06CA00652849 /* AddUserButtonTableViewCell.m */; };
		63C2EB650F5D0B8300652849 /* 02.jpg in Resources */ = {isa = PBXBuildFile; fileRef = 63C2EB630F5D0B8300652849 /* 02.jpg */; };
		63C2EBDC0F5D111400652849 /* DailyStatusTableViewCell.m in Sources */ = {isa = PBXBuildFile; fileRef = 63C2EBDB0F5D111400652849 /* DailyStatusTableViewCell.m */; };
		63C2EC840F5D1B1100652849 /* SelectOptions.xib in Resources */ = {isa = PBXBuildFile; fileRef = 63C2EC830F5D1B1100652849 /* SelectOptions.xib */; };
		63C364DC0FA6FCE6008D96DA /* CycleTableViewCell.m in Sources */ = {isa = PBXBuildFile; fileRef = 63C364DB0FA6FCE6008D96DA /* CycleTableViewCell.m */; };
		63D623FD0F9C8D3200B85775 /* SelectOptionsViewController.m in Sources */ = {isa = PBXBuildFile; fileRef = 63D623FC0F9C8D3200B85775 /* SelectOptionsViewController.m */; };
		63E95FFD10465ED300E5931D /* SelectViewController.m in Sources */ = {isa = PBXBuildFile; fileRef = 63E95FFB10465ED300E5931D /* SelectViewController.m */; };
		63E95FFE10465ED300E5931D /* SelectViewController.xib in Resources */ = {isa = PBXBuildFile; fileRef = 63E95FFC10465ED300E5931D /* SelectViewController.xib */; };
		C8888D1A0F909F3800B6DFC0 /* Settings.xib in Resources */ = {isa = PBXBuildFile; fileRef = 6390DBE60F90923D00BECA34 /* Settings.xib */; };
		C89236240F5BA11400837802 /* AddNewUserTableCell.m in Sources */ = {isa = PBXBuildFile; fileRef = C89236230F5BA11400837802 /* AddNewUserTableCell.m */; };
		C89236270F5BA19000837802 /* AddNewUser.xib in Resources */ = {isa = PBXBuildFile; fileRef = C89236260F5BA19000837802 /* AddNewUser.xib */; };
		C892362A0F5BA1B100837802 /* AddNewUserController.m in Sources */ = {isa = PBXBuildFile; fileRef = C89236290F5BA1B100837802 /* AddNewUserController.m */; };
		C8AAF88A0FA1B56900A7EE9C /* CalendarTableViewCell1.m in Sources */ = {isa = PBXBuildFile; fileRef = C8AAF8890FA1B56900A7EE9C /* CalendarTableViewCell1.m */; };
		D83A2BFB107316E100A3D68E /* NewSwitchTableViewCell.m in Sources */ = {isa = PBXBuildFile; fileRef = D83A2BFA107316E100A3D68E /* NewSwitchTableViewCell.m */; };
		D8953DA91074C3C300476A3B /* call.png in Resources */ = {isa = PBXBuildFile; fileRef = D8953DA81074C3C300476A3B /* call.png */; };
/* End PBXBuildFile section */

/* Begin PBXFileReference section */
		1D30AB110D05D00D00671497 /* Foundation.framework */ = {isa = PBXFileReference; lastKnownFileType = wrapper.framework; name = Foundation.framework; path = System/Library/Frameworks/Foundation.framework; sourceTree = SDKROOT; };
		1D6058910D05DD3D006BFB54 /* hLog.app */ = {isa = PBXFileReference; explicitFileType = wrapper.application; includeInIndex = 0; path = hLog.app; sourceTree = BUILT_PRODUCTS_DIR; };
		1DF5F4DF0D08C38300B7A737 /* UIKit.framework */ = {isa = PBXFileReference; lastKnownFileType = wrapper.framework; name = UIKit.framework; path = System/Library/Frameworks/UIKit.framework; sourceTree = SDKROOT; };
		2892E40F0DC94CBA00A64D0F /* CoreGraphics.framework */ = {isa = PBXFileReference; lastKnownFileType = wrapper.framework; name = CoreGraphics.framework; path = System/Library/Frameworks/CoreGraphics.framework; sourceTree = SDKROOT; };
		2899E55F0DE3E45000AC0155 /* RootViewController.xib */ = {isa = PBXFileReference; lastKnownFileType = file.xib; path = RootViewController.xib; sourceTree = "<group>"; };
		28A0AAE50D9B0CCF005BE974 /* HealthTracker_Prefix.pch */ = {isa = PBXFileReference; fileEncoding = 4; lastKnownFileType = sourcecode.c.h; path = HealthTracker_Prefix.pch; sourceTree = "<group>"; };
		28AD735F0D9D9599002E5188 /* MainWindow.xib */ = {isa = PBXFileReference; lastKnownFileType = file.xib; path = MainWindow.xib; sourceTree = "<group>"; };
		28C286DF0D94DF7D0034E888 /* RootViewController.h */ = {isa = PBXFileReference; fileEncoding = 4; lastKnownFileType = sourcecode.c.h; path = RootViewController.h; sourceTree = "<group>"; };
		28C286E00D94DF7D0034E888 /* RootViewController.m */ = {isa = PBXFileReference; fileEncoding = 4; lastKnownFileType = sourcecode.c.objc; path = RootViewController.m; sourceTree = "<group>"; };
		29B97316FDCFA39411CA2CEA /* main.m */ = {isa = PBXFileReference; fileEncoding = 4; lastKnownFileType = sourcecode.c.objc; path = main.m; sourceTree = "<group>"; };
		6310B0661021BBF300F4DE3C /* TwoTextEntryViewController.h */ = {isa = PBXFileReference; fileEncoding = 4; lastKnownFileType = sourcecode.c.h; path = TwoTextEntryViewController.h; sourceTree = "<group>"; };
		6310B0671021BBF300F4DE3C /* TwoTextEntryViewController.m */ = {isa = PBXFileReference; fileEncoding = 4; lastKnownFileType = sourcecode.c.objc; path = TwoTextEntryViewController.m; sourceTree = "<group>"; };
		6310B0681021BBF300F4DE3C /* TwoTextEntryViewController.xib */ = {isa = PBXFileReference; lastKnownFileType = file.xib; name = TwoTextEntryViewController.xib; path = Classes/TwoTextEntryViewController.xib; sourceTree = "<group>"; };
		63113EBA0FD63D5B00085D14 /* Default.png */ = {isa = PBXFileReference; lastKnownFileType = image.png; name = Default.png; path = Images/Default.png; sourceTree = "<group>"; };
		636602BA10142F2E00EF1CBB /* HSK_CFUtilities.m */ = {isa = PBXFileReference; fileEncoding = 4; lastKnownFileType = sourcecode.c.objc; name = HSK_CFUtilities.m; path = "SMTP Classes/HSK_CFUtilities.m"; sourceTree = "<group>"; };
		636602BB10142F2E00EF1CBB /* SKPSMTPMessage.m */ = {isa = PBXFileReference; fileEncoding = 4; lastKnownFileType = sourcecode.c.objc; name = SKPSMTPMessage.m; path = "SMTP Classes/SKPSMTPMessage.m"; sourceTree = "<group>"; };
		636602BC10142F2E00EF1CBB /* SKPSMTPMessage.h */ = {isa = PBXFileReference; fileEncoding = 4; lastKnownFileType = sourcecode.c.h; name = SKPSMTPMessage.h; path = "SMTP Classes/SKPSMTPMessage.h"; sourceTree = "<group>"; };
		636602BD10142F2E00EF1CBB /* NSStream+SKPSMTPExtensions.m */ = {isa = PBXFileReference; fileEncoding = 4; lastKnownFileType = sourcecode.c.objc; name = "NSStream+SKPSMTPExtensions.m"; path = "SMTP Classes/NSStream+SKPSMTPExtensions.m"; sourceTree = "<group>"; };
		636602BE10142F2E00EF1CBB /* NSStream+SKPSMTPExtensions.h */ = {isa = PBXFileReference; fileEncoding = 4; lastKnownFileType = sourcecode.c.h; name = "NSStream+SKPSMTPExtensions.h"; path = "SMTP Classes/NSStream+SKPSMTPExtensions.h"; sourceTree = "<group>"; };
		636602BF10142F2E00EF1CBB /* NSData+Base64Additions.m */ = {isa = PBXFileReference; fileEncoding = 4; lastKnownFileType = sourcecode.c.objc; name = "NSData+Base64Additions.m"; path = "SMTP Classes/NSData+Base64Additions.m"; sourceTree = "<group>"; };
		636602C010142F2E00EF1CBB /* NSData+Base64Additions.h */ = {isa = PBXFileReference; fileEncoding = 4; lastKnownFileType = sourcecode.c.h; name = "NSData+Base64Additions.h"; path = "SMTP Classes/NSData+Base64Additions.h"; sourceTree = "<group>"; };
		636602C110142F2E00EF1CBB /* HSK_CFUtilities.h */ = {isa = PBXFileReference; fileEncoding = 4; lastKnownFileType = sourcecode.c.h; name = HSK_CFUtilities.h; path = "SMTP Classes/HSK_CFUtilities.h"; sourceTree = "<group>"; };
		636602C210142F2E00EF1CBB /* Base64Transcoder.m */ = {isa = PBXFileReference; fileEncoding = 4; lastKnownFileType = sourcecode.c.objc; name = Base64Transcoder.m; path = "SMTP Classes/Base64Transcoder.m"; sourceTree = "<group>"; };
		636602C310142F2E00EF1CBB /* Base64Transcoder.h */ = {isa = PBXFileReference; fileEncoding = 4; lastKnownFileType = sourcecode.c.h; name = Base64Transcoder.h; path = "SMTP Classes/Base64Transcoder.h"; sourceTree = "<group>"; };
		636602DE10142F6A00EF1CBB /* CFNetwork.framework */ = {isa = PBXFileReference; lastKnownFileType = wrapper.framework; name = CFNetwork.framework; path = System/Library/Frameworks/CFNetwork.framework; sourceTree = SDKROOT; };
		636604A910144EF800EF1CBB /* AddressBook.framework */ = {isa = PBXFileReference; lastKnownFileType = wrapper.framework; name = AddressBook.framework; path = System/Library/Frameworks/AddressBook.framework; sourceTree = SDKROOT; };
		636604B910144F5000EF1CBB /* ContactViewController.h */ = {isa = PBXFileReference; fileEncoding = 4; lastKnownFileType = sourcecode.c.h; path = ContactViewController.h; sourceTree = "<group>"; };
		636604BA10144F5000EF1CBB /* ContactViewController.m */ = {isa = PBXFileReference; fileEncoding = 4; lastKnownFileType = sourcecode.c.objc; path = ContactViewController.m; sourceTree = "<group>"; };
		636604BB10144F5000EF1CBB /* ContactViewController.xib */ = {isa = PBXFileReference; lastKnownFileType = file.xib; name = ContactViewController.xib; path = Classes/ContactViewController.xib; sourceTree = "<group>"; };
		638528080F6E63FF001D6B67 /* Menstural_Cycle.h */ = {isa = PBXFileReference; fileEncoding = 4; lastKnownFileType = sourcecode.c.h; path = Menstural_Cycle.h; sourceTree = "<group>"; };
		638528090F6E63FF001D6B67 /* Menstural_Cycle.m */ = {isa = PBXFileReference; fileEncoding = 4; lastKnownFileType = sourcecode.c.objc; path = Menstural_Cycle.m; sourceTree = "<group>"; };
		638DB6FC0FC40D9700322274 /* Start_Logo.png */ = {isa = PBXFileReference; lastKnownFileType = image.png; path = Start_Logo.png; sourceTree = "<group>"; };
		638FB2CA0F662DDD0029D082 /* User_Settings.h */ = {isa = PBXFileReference; fileEncoding = 4; lastKnownFileType = sourcecode.c.h; path = User_Settings.h; sourceTree = "<group>"; };
		638FB2CB0F662DDD0029D082 /* User_Settings.m */ = {isa = PBXFileReference; fileEncoding = 4; lastKnownFileType = sourcecode.c.objc; path = User_Settings.m; sourceTree = "<group>"; };
		6390DBE60F90923D00BECA34 /* Settings.xib */ = {isa = PBXFileReference; lastKnownFileType = file.xib; path = Settings.xib; sourceTree = "<group>"; };
		6390E1170F80AD90009D7B3B /* First_View.xib */ = {isa = PBXFileReference; lastKnownFileType = file.xib; path = First_View.xib; sourceTree = "<group>"; };
		6390E11A0F80ADC0009D7B3B /* FirstViewController.h */ = {isa = PBXFileReference; fileEncoding = 4; lastKnownFileType = sourcecode.c.h; path = FirstViewController.h; sourceTree = "<group>"; };
		6390E11B0F80ADC0009D7B3B /* FirstViewController.m */ = {isa = PBXFileReference; fileEncoding = 4; lastKnownFileType = sourcecode.c.objc; path = FirstViewController.m; sourceTree = "<group>"; };
		6390E15A0F80B449009D7B3B /* SelectSettingsViewController.h */ = {isa = PBXFileReference; fileEncoding = 4; lastKnownFileType = sourcecode.c.h; path = SelectSettingsViewController.h; sourceTree = "<group>"; };
		6390E15B0F80B449009D7B3B /* SelectSettingsViewController.m */ = {isa = PBXFileReference; fileEncoding = 4; lastKnownFileType = sourcecode.c.objc; path = SelectSettingsViewController.m; sourceTree = "<group>"; };
		6390E1660F80B5C0009D7B3B /* First_Settings.xib */ = {isa = PBXFileReference; lastKnownFileType = file.xib; path = First_Settings.xib; sourceTree = "<group>"; };
		6390E1950F80B695009D7B3B /* UserViewController.h */ = {isa = PBXFileReference; fileEncoding = 4; lastKnownFileType = sourcecode.c.h; path = UserViewController.h; sourceTree = "<group>"; };
		6390E1960F80B695009D7B3B /* UserViewController.m */ = {isa = PBXFileReference; fileEncoding = 4; lastKnownFileType = sourcecode.c.objc; path = UserViewController.m; sourceTree = "<group>"; };
		6390E19E0F80B797009D7B3B /* UserSelect.xib */ = {isa = PBXFileReference; lastKnownFileType = file.xib; path = UserSelect.xib; sourceTree = "<group>"; };
		6390E1C50F80C3AB009D7B3B /* UnitsViewController.h */ = {isa = PBXFileReference; fileEncoding = 4; lastKnownFileType = sourcecode.c.h; path = UnitsViewController.h; sourceTree = "<group>"; };
		6390E1C60F80C3AB009D7B3B /* UnitsViewController.m */ = {isa = PBXFileReference; fileEncoding = 4; lastKnownFileType = sourcecode.c.objc; path = UnitsViewController.m; sourceTree = "<group>"; };
		6390E1D20F80C5D0009D7B3B /* UnitsView.xib */ = {isa = PBXFileReference; lastKnownFileType = file.xib; path = UnitsView.xib; sourceTree = "<group>"; };
		6390E2590F80D368009D7B3B /* Vitals_Detail.h */ = {isa = PBXFileReference; fileEncoding = 4; lastKnownFileType = sourcecode.c.h; path = Vitals_Detail.h; sourceTree = "<group>"; };
		6390E25A0F80D368009D7B3B /* Vitals_Detail.m */ = {isa = PBXFileReference; fileEncoding = 4; lastKnownFileType = sourcecode.c.objc; path = Vitals_Detail.m; sourceTree = "<group>"; };
		6390E4AB0F80F5FA009D7B3B /* Medicine.h */ = {isa = PBXFileReference; fileEncoding = 4; lastKnownFileType = sourcecode.c.h; path = Medicine.h; sourceTree = "<group>"; };
		6390E4AC0F80F5FA009D7B3B /* Medicine.m */ = {isa = PBXFileReference; fileEncoding = 4; lastKnownFileType = sourcecode.c.objc; path = Medicine.m; sourceTree = "<group>"; };
		639128560F64EF1700222EAF /* libsqlite3.0.dylib */ = {isa = PBXFileReference; lastKnownFileType = "compiled.mach-o.dylib"; name = libsqlite3.0.dylib; path = usr/lib/libsqlite3.0.dylib; sourceTree = SDKROOT; };
		639129A10F65064B00222EAF /* UserTextEntryViewController.h */ = {isa = PBXFileReference; fileEncoding = 4; lastKnownFileType = sourcecode.c.h; path = UserTextEntryViewController.h; sourceTree = "<group>"; };
		639129A20F65064B00222EAF /* UserTextEntryViewController.m */ = {isa = PBXFileReference; fileEncoding = 4; lastKnownFileType = sourcecode.c.objc; path = UserTextEntryViewController.m; sourceTree = "<group>"; };
		639129A50F65066D00222EAF /* TextEntry.xib */ = {isa = PBXFileReference; lastKnownFileType = file.xib; path = TextEntry.xib; sourceTree = "<group>"; };
		6394850C0FC413CC0008BD59 /* reports.png */ = {isa = PBXFileReference; lastKnownFileType = image.png; name = reports.png; path = Images/reports.png; sourceTree = "<group>"; };
		6394850D0FC413CC0008BD59 /* log_routines.png */ = {isa = PBXFileReference; lastKnownFileType = image.png; name = log_routines.png; path = Images/log_routines.png; sourceTree = "<group>"; };
		6394850E0FC413CC0008BD59 /* user_settings.png */ = {isa = PBXFileReference; lastKnownFileType = image.png; name = user_settings.png; path = Images/user_settings.png; sourceTree = "<group>"; };
		639485E00FC41F630008BD59 /* SleepTableViewCell.h */ = {isa = PBXFileReference; fileEncoding = 4; lastKnownFileType = sourcecode.c.h; path = SleepTableViewCell.h; sourceTree = "<group>"; };
		639485E10FC41F630008BD59 /* SleepTableViewCell.m */ = {isa = PBXFileReference; fileEncoding = 4; lastKnownFileType = sourcecode.c.objc; path = SleepTableViewCell.m; sourceTree = "<group>"; };
		639486250FC4231E0008BD59 /* healthtracker.sqlite */ = {isa = PBXFileReference; lastKnownFileType = text; name = healthtracker.sqlite; path = Database/healthtracker.sqlite; sourceTree = "<group>"; };
		63967E750FBC2CB700CAD61B /* preferences.png */ = {isa = PBXFileReference; lastKnownFileType = image.png; name = preferences.png; path = Images/preferences.png; sourceTree = "<group>"; };
		63967E760FBC2CB700CAD61B /* medicines.png */ = {isa = PBXFileReference; lastKnownFileType = image.png; name = medicines.png; path = Images/medicines.png; sourceTree = "<group>"; };
		63967E780FBC2CB700CAD61B /* log_data.png */ = {isa = PBXFileReference; lastKnownFileType = image.png; name = log_data.png; path = Images/log_data.png; sourceTree = "<group>"; };
		63967E790FBC2CB700CAD61B /* favorites.png */ = {isa = PBXFileReference; lastKnownFileType = image.png; name = favorites.png; path = Images/favorites.png; sourceTree = "<group>"; };
		639EE45D0F68EA10005D6445 /* SelectMedicineSettingsController.h */ = {isa = PBXFileReference; fileEncoding = 4; lastKnownFileType = sourcecode.c.h; path = SelectMedicineSettingsController.h; sourceTree = "<group>"; };
		639EE45E0F68EA10005D6445 /* SelectMedicineSettingsController.m */ = {isa = PBXFileReference; fileEncoding = 4; lastKnownFileType = sourcecode.c.objc; path = SelectMedicineSettingsController.m; sourceTree = "<group>"; };
		639EE4A40F68EE20005D6445 /* MedicineSettings.xib */ = {isa = PBXFileReference; lastKnownFileType = file.xib; path = MedicineSettings.xib; sourceTree = "<group>"; };
		63A195E70FC28BBD00C5A377 /* PainViewController.h */ = {isa = PBXFileReference; fileEncoding = 4; lastKnownFileType = sourcecode.c.h; path = PainViewController.h; sourceTree = "<group>"; };
		63A195E80FC28BBD00C5A377 /* PainViewController.m */ = {isa = PBXFileReference; fileEncoding = 4; lastKnownFileType = sourcecode.c.objc; path = PainViewController.m; sourceTree = "<group>"; };
		63A195E90FC28BBD00C5A377 /* PainViewController.xib */ = {isa = PBXFileReference; lastKnownFileType = file.xib; name = PainViewController.xib; path = Classes/PainViewController.xib; sourceTree = "<group>"; };
		63A1974D0FC2ABDA00C5A377 /* InfoViewController.h */ = {isa = PBXFileReference; fileEncoding = 4; lastKnownFileType = sourcecode.c.h; path = InfoViewController.h; sourceTree = "<group>"; };
		63A1974E0FC2ABDA00C5A377 /* InfoViewController.m */ = {isa = PBXFileReference; fileEncoding = 4; lastKnownFileType = sourcecode.c.objc; path = InfoViewController.m; sourceTree = "<group>"; };
		63A1974F0FC2ABDA00C5A377 /* InfoViewController.xib */ = {isa = PBXFileReference; lastKnownFileType = file.xib; name = InfoViewController.xib; path = Classes/InfoViewController.xib; sourceTree = "<group>"; };
		63A199180FC2EE8E00C5A377 /* sad_smile.png */ = {isa = PBXFileReference; lastKnownFileType = image.png; name = sad_smile.png; path = Images/sad_smile.png; sourceTree = "<group>"; };
		63A199190FC2EE8E00C5A377 /* smile.png */ = {isa = PBXFileReference; lastKnownFileType = image.png; name = smile.png; path = Images/smile.png; sourceTree = "<group>"; };
		63A4876A0F84F30F00AD9033 /* CalendarTableViewCell.h */ = {isa = PBXFileReference; fileEncoding = 4; lastKnownFileType = sourcecode.c.h; path = CalendarTableViewCell.h; sourceTree = "<group>"; };
		63A4876B0F84F30F00AD9033 /* CalendarTableViewCell.m */ = {isa = PBXFileReference; fileEncoding = 4; lastKnownFileType = sourcecode.c.objc; path = CalendarTableViewCell.m; sourceTree = "<group>"; };
		63A487A30F84F85A00AD9033 /* delete_Routines.png */ = {isa = PBXFileReference; lastKnownFileType = image.png; name = delete_Routines.png; path = Images/delete_Routines.png; sourceTree = "<group>"; };
		63A487A40F84F85A00AD9033 /* delete_vitals.png */ = {isa = PBXFileReference; lastKnownFileType = image.png; name = delete_vitals.png; path = Images/delete_vitals.png; sourceTree = "<group>"; };
		63A625EF0F82098400F534A4 /* Routine_Detail.h */ = {isa = PBXFileReference; fileEncoding = 4; lastKnownFileType = sourcecode.c.h; path = Routine_Detail.h; sourceTree = "<group>"; };
		63A625F00F82098400F534A4 /* Routine_Detail.m */ = {isa = PBXFileReference; fileEncoding = 4; lastKnownFileType = sourcecode.c.objc; path = Routine_Detail.m; sourceTree = "<group>"; };
		63A6A7DC0F8A1E1700B65873 /* HealthTrackerAppDelegate.h */ = {isa = PBXFileReference; fileEncoding = 4; lastKnownFileType = sourcecode.c.h; path = HealthTrackerAppDelegate.h; sourceTree = SOURCE_ROOT; };
		63AB64D40F7896340059DB2C /* SelectButtonViewController.h */ = {isa = PBXFileReference; fileEncoding = 4; lastKnownFileType = sourcecode.c.h; path = SelectButtonViewController.h; sourceTree = "<group>"; };
		63AB64D50F7896340059DB2C /* SelectButtonViewController.m */ = {isa = PBXFileReference; fileEncoding = 4; lastKnownFileType = sourcecode.c.objc; path = SelectButtonViewController.m; sourceTree = "<group>"; };
		63AB64F30F789A850059DB2C /* SelectButton.xib */ = {isa = PBXFileReference; lastKnownFileType = file.xib; path = SelectButton.xib; sourceTree = "<group>"; };
		63ACC6230F70AECE00A29083 /* EnterPasscodeViewController.h */ = {isa = PBXFileReference; fileEncoding = 4; lastKnownFileType = sourcecode.c.h; path = EnterPasscodeViewController.h; sourceTree = "<group>"; };
		63ACC6240F70AECE00A29083 /* EnterPasscodeViewController.m */ = {isa = PBXFileReference; fileEncoding = 4; lastKnownFileType = sourcecode.c.objc; path = EnterPasscodeViewController.m; sourceTree = "<group>"; };
		63ACC6320F70B17400A29083 /* Passcode.xib */ = {isa = PBXFileReference; lastKnownFileType = file.xib; path = Passcode.xib; sourceTree = "<group>"; };
		63B5CD900F8350F4007CB65A /* setting1.png */ = {isa = PBXFileReference; lastKnownFileType = image.png; name = setting1.png; path = Images/setting1.png; sourceTree = "<group>"; };
		63B5CE550F8371B8007CB65A /* CalendarReportViewController.h */ = {isa = PBXFileReference; fileEncoding = 4; lastKnownFileType = sourcecode.c.h; path = CalendarReportViewController.h; sourceTree = "<group>"; };
		63B5CE560F8371B8007CB65A /* CalendarReportViewController.m */ = {isa = PBXFileReference; fileEncoding = 4; lastKnownFileType = sourcecode.c.objc; path = CalendarReportViewController.m; sourceTree = "<group>"; };
		63B5CE580F8371C6007CB65A /* Calendar.xib */ = {isa = PBXFileReference; lastKnownFileType = file.xib; path = Calendar.xib; sourceTree = "<group>"; };
		63B5CF620F8389B7007CB65A /* ShowReportViewController.h */ = {isa = PBXFileReference; fileEncoding = 4; lastKnownFileType = sourcecode.c.h; path = ShowReportViewController.h; sourceTree = "<group>"; };
		63B5CF630F8389B7007CB65A /* ShowReportViewController.m */ = {isa = PBXFileReference; fileEncoding = 4; lastKnownFileType = sourcecode.c.objc; path = ShowReportViewController.m; sourceTree = "<group>"; };
		63B5CF900F838B73007CB65A /* ShowCalendar.xib */ = {isa = PBXFileReference; lastKnownFileType = file.xib; path = ShowCalendar.xib; sourceTree = "<group>"; };
		63B5D14A0F839AED007CB65A /* HealthTrackerAppDelegate.m */ = {isa = PBXFileReference; fileEncoding = 4; lastKnownFileType = sourcecode.c.objc; path = HealthTrackerAppDelegate.m; sourceTree = "<group>"; };
		63BC728C0F7E04B7000142FE /* AddUserSegmentTableCell.h */ = {isa = PBXFileReference; fileEncoding = 4; lastKnownFileType = sourcecode.c.h; path = AddUserSegmentTableCell.h; sourceTree = "<group>"; };
		63BC728D0F7E04B7000142FE /* AddUserSegmentTableCell.m */ = {isa = PBXFileReference; fileEncoding = 4; lastKnownFileType = sourcecode.c.objc; path = AddUserSegmentTableCell.m; sourceTree = "<group>"; };
		63BC74A70F7E3203000142FE /* CustomSwitch.h */ = {isa = PBXFileReference; fileEncoding = 4; lastKnownFileType = sourcecode.c.h; path = CustomSwitch.h; sourceTree = "<group>"; };
		63BC74A80F7E3203000142FE /* CustomSwitch.m */ = {isa = PBXFileReference; fileEncoding = 4; lastKnownFileType = sourcecode.c.objc; path = CustomSwitch.m; sourceTree = "<group>"; };
		63C2EA730F5CF06500652849 /* SettingsViewController.h */ = {isa = PBXFileReference; fileEncoding = 4; lastKnownFileType = sourcecode.c.h; path = SettingsViewController.h; sourceTree = "<group>"; };
		63C2EA740F5CF06500652849 /* SettingsViewController.m */ = {isa = PBXFileReference; fileEncoding = 4; lastKnownFileType = sourcecode.c.objc; path = SettingsViewController.m; sourceTree = "<group>"; };
		63C2EA760F5CF07400652849 /* SettingTableViewCell.h */ = {isa = PBXFileReference; fileEncoding = 4; lastKnownFileType = sourcecode.c.h; path = SettingTableViewCell.h; sourceTree = "<group>"; };
		63C2EA770F5CF07400652849 /* SettingTableViewCell.m */ = {isa = PBXFileReference; fileEncoding = 4; lastKnownFileType = sourcecode.c.objc; path = SettingTableViewCell.m; sourceTree = "<group>"; };
		63C2EA8C0F5CF3A800652849 /* checked.png */ = {isa = PBXFileReference; lastKnownFileType = image.png; name = checked.png; path = Images/checked.png; sourceTree = "<group>"; };
		63C2EA8D0F5CF3A800652849 /* unchecked.png */ = {isa = PBXFileReference; lastKnownFileType = image.png; name = unchecked.png; path = Images/unchecked.png; sourceTree = "<group>"; };
		63C2EB370F5D06CA00652849 /* AddUserButtonTableViewCell.h */ = {isa = PBXFileReference; fileEncoding = 4; lastKnownFileType = sourcecode.c.h; path = AddUserButtonTableViewCell.h; sourceTree = "<group>"; };
		63C2EB380F5D06CA00652849 /* AddUserButtonTableViewCell.m */ = {isa = PBXFileReference; fileEncoding = 4; lastKnownFileType = sourcecode.c.objc; path = AddUserButtonTableViewCell.m; sourceTree = "<group>"; };
		63C2EB630F5D0B8300652849 /* 02.jpg */ = {isa = PBXFileReference; lastKnownFileType = image.jpeg; name = 02.jpg; path = Images/02.jpg; sourceTree = "<group>"; };
		63C2EBDA0F5D111400652849 /* DailyStatusTableViewCell.h */ = {isa = PBXFileReference; fileEncoding = 4; lastKnownFileType = sourcecode.c.h; path = DailyStatusTableViewCell.h; sourceTree = "<group>"; };
		63C2EBDB0F5D111400652849 /* DailyStatusTableViewCell.m */ = {isa = PBXFileReference; fileEncoding = 4; lastKnownFileType = sourcecode.c.objc; path = DailyStatusTableViewCell.m; sourceTree = "<group>"; };
		63C2EC830F5D1B1100652849 /* SelectOptions.xib */ = {isa = PBXFileReference; lastKnownFileType = file.xib; path = SelectOptions.xib; sourceTree = "<group>"; };
		63C364DA0FA6FCE5008D96DA /* CycleTableViewCell.h */ = {isa = PBXFileReference; fileEncoding = 4; lastKnownFileType = sourcecode.c.h; path = CycleTableViewCell.h; sourceTree = "<group>"; };
		63C364DB0FA6FCE6008D96DA /* CycleTableViewCell.m */ = {isa = PBXFileReference; fileEncoding = 4; lastKnownFileType = sourcecode.c.objc; path = CycleTableViewCell.m; sourceTree = "<group>"; };
		63D623FB0F9C8D3200B85775 /* SelectOptionsViewController.h */ = {isa = PBXFileReference; fileEncoding = 4; lastKnownFileType = sourcecode.c.h; path = SelectOptionsViewController.h; sourceTree = "<group>"; };
		63D623FC0F9C8D3200B85775 /* SelectOptionsViewController.m */ = {isa = PBXFileReference; fileEncoding = 4; lastKnownFileType = sourcecode.c.objc; path = SelectOptionsViewController.m; sourceTree = "<group>"; };
		63E95FFA10465ED300E5931D /* SelectViewController.h */ = {isa = PBXFileReference; fileEncoding = 4; lastKnownFileType = sourcecode.c.h; path = SelectViewController.h; sourceTree = "<group>"; };
		63E95FFB10465ED300E5931D /* SelectViewController.m */ = {isa = PBXFileReference; fileEncoding = 4; lastKnownFileType = sourcecode.c.objc; path = SelectViewController.m; sourceTree = "<group>"; };
		63E95FFC10465ED300E5931D /* SelectViewController.xib */ = {isa = PBXFileReference; lastKnownFileType = file.xib; name = SelectViewController.xib; path = Classes/SelectViewController.xib; sourceTree = "<group>"; };
		8D1107310486CEB800E47090 /* Info.plist */ = {isa = PBXFileReference; fileEncoding = 4; lastKnownFileType = text.plist.xml; path = Info.plist; sourceTree = "<group>"; };
		C89236220F5BA11400837802 /* AddNewUserTableCell.h */ = {isa = PBXFileReference; fileEncoding = 4; lastKnownFileType = sourcecode.c.h; path = AddNewUserTableCell.h; sourceTree = "<group>"; };
		C89236230F5BA11400837802 /* AddNewUserTableCell.m */ = {isa = PBXFileReference; fileEncoding = 4; lastKnownFileType = sourcecode.c.objc; path = AddNewUserTableCell.m; sourceTree = "<group>"; };
		C89236260F5BA19000837802 /* AddNewUser.xib */ = {isa = PBXFileReference; lastKnownFileType = file.xib; path = AddNewUser.xib; sourceTree = "<group>"; };
		C89236280F5BA1B100837802 /* AddNewUserController.h */ = {isa = PBXFileReference; fileEncoding = 4; lastKnownFileType = sourcecode.c.h; path = AddNewUserController.h; sourceTree = "<group>"; };
		C89236290F5BA1B100837802 /* AddNewUserController.m */ = {isa = PBXFileReference; fileEncoding = 4; lastKnownFileType = sourcecode.c.objc; path = AddNewUserController.m; sourceTree = "<group>"; };
		C8AAF8880FA1B56900A7EE9C /* CalendarTableViewCell1.h */ = {isa = PBXFileReference; fileEncoding = 4; lastKnownFileType = sourcecode.c.h; path = CalendarTableViewCell1.h; sourceTree = "<group>"; };
		C8AAF8890FA1B56900A7EE9C /* CalendarTableViewCell1.m */ = {isa = PBXFileReference; fileEncoding = 4; lastKnownFileType = sourcecode.c.objc; path = CalendarTableViewCell1.m; sourceTree = "<group>"; };
		D83A2BF9107316E100A3D68E /* NewSwitchTableViewCell.h */ = {isa = PBXFileReference; fileEncoding = 4; lastKnownFileType = sourcecode.c.h; path = NewSwitchTableViewCell.h; sourceTree = "<group>"; };
		D83A2BFA107316E100A3D68E /* NewSwitchTableViewCell.m */ = {isa = PBXFileReference; fileEncoding = 4; lastKnownFileType = sourcecode.c.objc; path = NewSwitchTableViewCell.m; sourceTree = "<group>"; };
		D8953DA81074C3C300476A3B /* call.png */ = {isa = PBXFileReference; lastKnownFileType = image.png; name = call.png; path = Images/call.png; sourceTree = "<group>"; };
/* End PBXFileReference section */

/* Begin PBXFrameworksBuildPhase section */
		1D60588F0D05DD3D006BFB54 /* Frameworks */ = {
			isa = PBXFrameworksBuildPhase;
			buildActionMask = 2147483647;
			files = (
				1D60589F0D05DD5A006BFB54 /* Foundation.framework in Frameworks */,
				1DF5F4E00D08C38300B7A737 /* UIKit.framework in Frameworks */,
				2892E4100DC94CBA00A64D0F /* CoreGraphics.framework in Frameworks */,
				639128570F64EF1800222EAF /* libsqlite3.0.dylib in Frameworks */,
				636602DF10142F6A00EF1CBB /* CFNetwork.framework in Frameworks */,
				636604AA10144EF800EF1CBB /* AddressBook.framework in Frameworks */,
			);
			runOnlyForDeploymentPostprocessing = 0;
		};
/* End PBXFrameworksBuildPhase section */

/* Begin PBXGroup section */
		080E96DDFE201D6D7F000001 /* Classes */ = {
			isa = PBXGroup;
			children = (
				63D623FB0F9C8D3200B85775 /* SelectOptionsViewController.h */,
				63D623FC0F9C8D3200B85775 /* SelectOptionsViewController.m */,
				28C286DF0D94DF7D0034E888 /* RootViewController.h */,
				28C286E00D94DF7D0034E888 /* RootViewController.m */,
				63A6A7DC0F8A1E1700B65873 /* HealthTrackerAppDelegate.h */,
				63B5D14A0F839AED007CB65A /* HealthTrackerAppDelegate.m */,
				C89236280F5BA1B100837802 /* AddNewUserController.h */,
				C89236290F5BA1B100837802 /* AddNewUserController.m */,
				639EE45D0F68EA10005D6445 /* SelectMedicineSettingsController.h */,
				639EE45E0F68EA10005D6445 /* SelectMedicineSettingsController.m */,
				63C2EA730F5CF06500652849 /* SettingsViewController.h */,
				63C2EA740F5CF06500652849 /* SettingsViewController.m */,
				639129A10F65064B00222EAF /* UserTextEntryViewController.h */,
				639129A20F65064B00222EAF /* UserTextEntryViewController.m */,
				63ACC6230F70AECE00A29083 /* EnterPasscodeViewController.h */,
				63ACC6240F70AECE00A29083 /* EnterPasscodeViewController.m */,
				63AB64D40F7896340059DB2C /* SelectButtonViewController.h */,
				63AB64D50F7896340059DB2C /* SelectButtonViewController.m */,
				6390E11A0F80ADC0009D7B3B /* FirstViewController.h */,
				6390E11B0F80ADC0009D7B3B /* FirstViewController.m */,
				6390E15A0F80B449009D7B3B /* SelectSettingsViewController.h */,
				6390E15B0F80B449009D7B3B /* SelectSettingsViewController.m */,
				6390E1950F80B695009D7B3B /* UserViewController.h */,
				6390E1960F80B695009D7B3B /* UserViewController.m */,
				6390E1C50F80C3AB009D7B3B /* UnitsViewController.h */,
				6390E1C60F80C3AB009D7B3B /* UnitsViewController.m */,
				63B5CE550F8371B8007CB65A /* CalendarReportViewController.h */,
				63B5CE560F8371B8007CB65A /* CalendarReportViewController.m */,
				63B5CF620F8389B7007CB65A /* ShowReportViewController.h */,
				63B5CF630F8389B7007CB65A /* ShowReportViewController.m */,
				63A195E70FC28BBD00C5A377 /* PainViewController.h */,
				63A195E80FC28BBD00C5A377 /* PainViewController.m */,
				63A1974D0FC2ABDA00C5A377 /* InfoViewController.h */,
				63A1974E0FC2ABDA00C5A377 /* InfoViewController.m */,
				636604B910144F5000EF1CBB /* ContactViewController.h */,
				636604BA10144F5000EF1CBB /* ContactViewController.m */,
				6310B0661021BBF300F4DE3C /* TwoTextEntryViewController.h */,
				6310B0671021BBF300F4DE3C /* TwoTextEntryViewController.m */,
				63E95FFA10465ED300E5931D /* SelectViewController.h */,
				63E95FFB10465ED300E5931D /* SelectViewController.m */,
			);
			path = Classes;
			sourceTree = "<group>";
		};
		19C28FACFE9D520D11CA2CBB /* Products */ = {
			isa = PBXGroup;
			children = (
				1D6058910D05DD3D006BFB54 /* hLog.app */,
			);
			name = Products;
			sourceTree = "<group>";
		};
		29B97314FDCFA39411CA2CEA /* CustomTemplate */ = {
			isa = PBXGroup;
			children = (
				636602B910142F1D00EF1CBB /* Email */,
				C8B6BEDB0F5B9C1A00604D8E /* Images */,
				638FB23F0F6626AF0029D082 /* DataClasses */,
				C8B6BECF0F5B9B1C00604D8E /* CustomTableCell */,
				080E96DDFE201D6D7F000001 /* Classes */,
				29B97315FDCFA39411CA2CEA /* Other Sources */,
				29B97317FDCFA39411CA2CEA /* Resources */,
				6310B0681021BBF300F4DE3C /* TwoTextEntryViewController.xib */,
				636604BB10144F5000EF1CBB /* ContactViewController.xib */,
				29B97323FDCFA39411CA2CEA /* Frameworks */,
				19C28FACFE9D520D11CA2CBB /* Products */,
				63C2EC830F5D1B1100652849 /* SelectOptions.xib */,
				63A195E90FC28BBD00C5A377 /* PainViewController.xib */,
				63A1974F0FC2ABDA00C5A377 /* InfoViewController.xib */,
				639129A50F65066D00222EAF /* TextEntry.xib */,
				639EE4A40F68EE20005D6445 /* MedicineSettings.xib */,
				63ACC6320F70B17400A29083 /* Passcode.xib */,
				63AB64F30F789A850059DB2C /* SelectButton.xib */,
				6390E1170F80AD90009D7B3B /* First_View.xib */,
				6390E1660F80B5C0009D7B3B /* First_Settings.xib */,
				6390E19E0F80B797009D7B3B /* UserSelect.xib */,
				6390E1D20F80C5D0009D7B3B /* UnitsView.xib */,
				63B5CE580F8371C6007CB65A /* Calendar.xib */,
				63B5CF900F838B73007CB65A /* ShowCalendar.xib */,
			);
			name = CustomTemplate;
			sourceTree = "<group>";
		};
		29B97315FDCFA39411CA2CEA /* Other Sources */ = {
			isa = PBXGroup;
			children = (
				28A0AAE50D9B0CCF005BE974 /* HealthTracker_Prefix.pch */,
				29B97316FDCFA39411CA2CEA /* main.m */,
			);
			name = "Other Sources";
			sourceTree = "<group>";
		};
		29B97317FDCFA39411CA2CEA /* Resources */ = {
			isa = PBXGroup;
			children = (
				63E95FFC10465ED300E5931D /* SelectViewController.xib */,
				639486250FC4231E0008BD59 /* healthtracker.sqlite */,
				6390DBE60F90923D00BECA34 /* Settings.xib */,
				2899E55F0DE3E45000AC0155 /* RootViewController.xib */,
				28AD735F0D9D9599002E5188 /* MainWindow.xib */,
				8D1107310486CEB800E47090 /* Info.plist */,
				C89236260F5BA19000837802 /* AddNewUser.xib */,
			);
			name = Resources;
			sourceTree = "<group>";
		};
		29B97323FDCFA39411CA2CEA /* Frameworks */ = {
			isa = PBXGroup;
			children = (
				639128560F64EF1700222EAF /* libsqlite3.0.dylib */,
				636604A910144EF800EF1CBB /* AddressBook.framework */,
				636602DE10142F6A00EF1CBB /* CFNetwork.framework */,
				1DF5F4DF0D08C38300B7A737 /* UIKit.framework */,
				1D30AB110D05D00D00671497 /* Foundation.framework */,
				2892E40F0DC94CBA00A64D0F /* CoreGraphics.framework */,
			);
			name = Frameworks;
			sourceTree = "<group>";
		};
		636602B910142F1D00EF1CBB /* Email */ = {
			isa = PBXGroup;
			children = (
				636602BA10142F2E00EF1CBB /* HSK_CFUtilities.m */,
				636602BB10142F2E00EF1CBB /* SKPSMTPMessage.m */,
				636602BC10142F2E00EF1CBB /* SKPSMTPMessage.h */,
				636602BD10142F2E00EF1CBB /* NSStream+SKPSMTPExtensions.m */,
				636602BE10142F2E00EF1CBB /* NSStream+SKPSMTPExtensions.h */,
				636602BF10142F2E00EF1CBB /* NSData+Base64Additions.m */,
				636602C010142F2E00EF1CBB /* NSData+Base64Additions.h */,
				636602C110142F2E00EF1CBB /* HSK_CFUtilities.h */,
				636602C210142F2E00EF1CBB /* Base64Transcoder.m */,
				636602C310142F2E00EF1CBB /* Base64Transcoder.h */,
			);
			name = Email;
			sourceTree = "<group>";
		};
		638FB23F0F6626AF0029D082 /* DataClasses */ = {
			isa = PBXGroup;
			children = (
				638FB2CA0F662DDD0029D082 /* User_Settings.h */,
				638FB2CB0F662DDD0029D082 /* User_Settings.m */,
				638528080F6E63FF001D6B67 /* Menstural_Cycle.h */,
				638528090F6E63FF001D6B67 /* Menstural_Cycle.m */,
				6390E2590F80D368009D7B3B /* Vitals_Detail.h */,
				6390E25A0F80D368009D7B3B /* Vitals_Detail.m */,
				6390E4AB0F80F5FA009D7B3B /* Medicine.h */,
				6390E4AC0F80F5FA009D7B3B /* Medicine.m */,
				63A625EF0F82098400F534A4 /* Routine_Detail.h */,
				63A625F00F82098400F534A4 /* Routine_Detail.m */,
			);
			name = DataClasses;
			sourceTree = "<group>";
		};
		C8B6BECF0F5B9B1C00604D8E /* CustomTableCell */ = {
			isa = PBXGroup;
			children = (
				C89236220F5BA11400837802 /* AddNewUserTableCell.h */,
				C89236230F5BA11400837802 /* AddNewUserTableCell.m */,
				63C2EA760F5CF07400652849 /* SettingTableViewCell.h */,
				63C2EA770F5CF07400652849 /* SettingTableViewCell.m */,
				63C2EB370F5D06CA00652849 /* AddUserButtonTableViewCell.h */,
				63C2EB380F5D06CA00652849 /* AddUserButtonTableViewCell.m */,
				63C2EBDA0F5D111400652849 /* DailyStatusTableViewCell.h */,
				63C2EBDB0F5D111400652849 /* DailyStatusTableViewCell.m */,
				63BC728C0F7E04B7000142FE /* AddUserSegmentTableCell.h */,
				63BC728D0F7E04B7000142FE /* AddUserSegmentTableCell.m */,
				63BC74A70F7E3203000142FE /* CustomSwitch.h */,
				63BC74A80F7E3203000142FE /* CustomSwitch.m */,
				63A4876A0F84F30F00AD9033 /* CalendarTableViewCell.h */,
				63A4876B0F84F30F00AD9033 /* CalendarTableViewCell.m */,
				C8AAF8880FA1B56900A7EE9C /* CalendarTableViewCell1.h */,
				C8AAF8890FA1B56900A7EE9C /* CalendarTableViewCell1.m */,
				63C364DA0FA6FCE5008D96DA /* CycleTableViewCell.h */,
				63C364DB0FA6FCE6008D96DA /* CycleTableViewCell.m */,
				639485E00FC41F630008BD59 /* SleepTableViewCell.h */,
				639485E10FC41F630008BD59 /* SleepTableViewCell.m */,
				D83A2BF9107316E100A3D68E /* NewSwitchTableViewCell.h */,
				D83A2BFA107316E100A3D68E /* NewSwitchTableViewCell.m */,
			);
			name = CustomTableCell;
			sourceTree = "<group>";
		};
		C8B6BEDB0F5B9C1A00604D8E /* Images */ = {
			isa = PBXGroup;
			children = (
				D8953DA81074C3C300476A3B /* call.png */,
				63113EBA0FD63D5B00085D14 /* Default.png */,
				6394850C0FC413CC0008BD59 /* reports.png */,
				6394850D0FC413CC0008BD59 /* log_routines.png */,
				6394850E0FC413CC0008BD59 /* user_settings.png */,
				638DB6FC0FC40D9700322274 /* Start_Logo.png */,
				63A199180FC2EE8E00C5A377 /* sad_smile.png */,
				63A199190FC2EE8E00C5A377 /* smile.png */,
				63967E750FBC2CB700CAD61B /* preferences.png */,
				63967E760FBC2CB700CAD61B /* medicines.png */,
				63967E780FBC2CB700CAD61B /* log_data.png */,
				63967E790FBC2CB700CAD61B /* favorites.png */,
				63A487A30F84F85A00AD9033 /* delete_Routines.png */,
				63A487A40F84F85A00AD9033 /* delete_vitals.png */,
				63B5CD900F8350F4007CB65A /* setting1.png */,
				63C2EB630F5D0B8300652849 /* 02.jpg */,
				63C2EA8C0F5CF3A800652849 /* checked.png */,
				63C2EA8D0F5CF3A800652849 /* unchecked.png */,
			);
			name = Images;
			sourceTree = "<group>";
		};
/* End PBXGroup section */

/* Begin PBXNativeTarget section */
		1D6058900D05DD3D006BFB54 /* HealthTracker */ = {
			isa = PBXNativeTarget;
			buildConfigurationList = 1D6058960D05DD3E006BFB54 /* Build configuration list for PBXNativeTarget "HealthTracker" */;
			buildPhases = (
				1D60588D0D05DD3D006BFB54 /* Resources */,
				1D60588E0D05DD3D006BFB54 /* Sources */,
				1D60588F0D05DD3D006BFB54 /* Frameworks */,
			);
			buildRules = (
			);
			dependencies = (
			);
			name = HealthTracker;
			productName = HealthTracker;
			productReference = 1D6058910D05DD3D006BFB54 /* hLog.app */;
			productType = "com.apple.product-type.application";
		};
/* End PBXNativeTarget section */

/* Begin PBXProject section */
		29B97313FDCFA39411CA2CEA /* Project object */ = {
			isa = PBXProject;
			buildConfigurationList = C01FCF4E08A954540054247B /* Build configuration list for PBXProject "HealthTracker" */;
			compatibilityVersion = "Xcode 3.1";
			hasScannedForEncodings = 1;
			knownRegions = (
				English,
				Japanese,
				French,
				German,
				en,
			);
			mainGroup = 29B97314FDCFA39411CA2CEA /* CustomTemplate */;
			projectDirPath = "";
			projectRoot = "";
			targets = (
				1D6058900D05DD3D006BFB54 /* HealthTracker */,
			);
		};
/* End PBXProject section */

/* Begin PBXResourcesBuildPhase section */
		1D60588D0D05DD3D006BFB54 /* Resources */ = {
			isa = PBXResourcesBuildPhase;
			buildActionMask = 2147483647;
			files = (
				28AD73600D9D9599002E5188 /* MainWindow.xib in Resources */,
				2899E5600DE3E45000AC0155 /* RootViewController.xib in Resources */,
				C89236270F5BA19000837802 /* AddNewUser.xib in Resources */,
				63C2EA8F0F5CF3A800652849 /* checked.png in Resources */,
				63C2EA900F5CF3A800652849 /* unchecked.png in Resources */,
				63C2EB650F5D0B8300652849 /* 02.jpg in Resources */,
				63C2EC840F5D1B1100652849 /* SelectOptions.xib in Resources */,
				639129A60F65066D00222EAF /* TextEntry.xib in Resources */,
				639EE4A50F68EE20005D6445 /* MedicineSettings.xib in Resources */,
				63ACC6330F70B17400A29083 /* Passcode.xib in Resources */,
				63AB64F40F789A850059DB2C /* SelectButton.xib in Resources */,
				6390E1180F80AD90009D7B3B /* First_View.xib in Resources */,
				6390E1670F80B5C0009D7B3B /* First_Settings.xib in Resources */,
				6390E19F0F80B797009D7B3B /* UserSelect.xib in Resources */,
				6390E1D30F80C5D0009D7B3B /* UnitsView.xib in Resources */,
				63B5CD920F8350F4007CB65A /* setting1.png in Resources */,
				63B5CE590F8371C6007CB65A /* Calendar.xib in Resources */,
				63B5CF910F838B73007CB65A /* ShowCalendar.xib in Resources */,
				63A487A50F84F85A00AD9033 /* delete_Routines.png in Resources */,
				63A487A60F84F85A00AD9033 /* delete_vitals.png in Resources */,
				C8888D1A0F909F3800B6DFC0 /* Settings.xib in Resources */,
				63967E7C0FBC2CB700CAD61B /* preferences.png in Resources */,
				63967E7D0FBC2CB700CAD61B /* medicines.png in Resources */,
				63967E7F0FBC2CB700CAD61B /* log_data.png in Resources */,
				63967E800FBC2CB700CAD61B /* favorites.png in Resources */,
				63A195EB0FC28BBD00C5A377 /* PainViewController.xib in Resources */,
				63A197510FC2ABDA00C5A377 /* InfoViewController.xib in Resources */,
				63A1991A0FC2EE8E00C5A377 /* sad_smile.png in Resources */,
				63A1991B0FC2EE8E00C5A377 /* smile.png in Resources */,
				638DB6FD0FC40D9700322274 /* Start_Logo.png in Resources */,
				639485100FC413CC0008BD59 /* reports.png in Resources */,
				639485110FC413CC0008BD59 /* log_routines.png in Resources */,
				639485120FC413CC0008BD59 /* user_settings.png in Resources */,
				639486260FC4231E0008BD59 /* healthtracker.sqlite in Resources */,
				63113EBB0FD63D5B00085D14 /* Default.png in Resources */,
				636604BD10144F5000EF1CBB /* ContactViewController.xib in Resources */,
				6310B06A1021BBF300F4DE3C /* TwoTextEntryViewController.xib in Resources */,
				63E95FFE10465ED300E5931D /* SelectViewController.xib in Resources */,
				D8953DA91074C3C300476A3B /* call.png in Resources */,
			);
			runOnlyForDeploymentPostprocessing = 0;
		};
/* End PBXResourcesBuildPhase section */

/* Begin PBXSourcesBuildPhase section */
		1D60588E0D05DD3D006BFB54 /* Sources */ = {
			isa = PBXSourcesBuildPhase;
			buildActionMask = 2147483647;
			files = (
				1D60589B0D05DD56006BFB54 /* main.m in Sources */,
				28C286E10D94DF7D0034E888 /* RootViewController.m in Sources */,
				C89236240F5BA11400837802 /* AddNewUserTableCell.m in Sources */,
				C892362A0F5BA1B100837802 /* AddNewUserController.m in Sources */,
				63C2EA750F5CF06500652849 /* SettingsViewController.m in Sources */,
				63C2EA780F5CF07400652849 /* SettingTableViewCell.m in Sources */,
				63C2EB390F5D06CA00652849 /* AddUserButtonTableViewCell.m in Sources */,
				63C2EBDC0F5D111400652849 /* DailyStatusTableViewCell.m in Sources */,
				639129A30F65064B00222EAF /* UserTextEntryViewController.m in Sources */,
				638FB2CC0F662DDD0029D082 /* User_Settings.m in Sources */,
				639EE45F0F68EA10005D6445 /* SelectMedicineSettingsController.m in Sources */,
				6385280A0F6E63FF001D6B67 /* Menstural_Cycle.m in Sources */,
				63ACC6250F70AECE00A29083 /* EnterPasscodeViewController.m in Sources */,
				63AB64D60F7896340059DB2C /* SelectButtonViewController.m in Sources */,
				63BC728E0F7E04B7000142FE /* AddUserSegmentTableCell.m in Sources */,
				63BC74A90F7E3203000142FE /* CustomSwitch.m in Sources */,
				6390E11C0F80ADC0009D7B3B /* FirstViewController.m in Sources */,
				6390E15C0F80B449009D7B3B /* SelectSettingsViewController.m in Sources */,
				6390E1970F80B695009D7B3B /* UserViewController.m in Sources */,
				6390E1C70F80C3AB009D7B3B /* UnitsViewController.m in Sources */,
				6390E25B0F80D368009D7B3B /* Vitals_Detail.m in Sources */,
				6390E4AD0F80F5FA009D7B3B /* Medicine.m in Sources */,
				63A625F10F82098400F534A4 /* Routine_Detail.m in Sources */,
				63B5CE570F8371B8007CB65A /* CalendarReportViewController.m in Sources */,
				63B5CF640F8389B7007CB65A /* ShowReportViewController.m in Sources */,
				63B5D14B0F839AED007CB65A /* HealthTrackerAppDelegate.m in Sources */,
				63A4876C0F84F30F00AD9033 /* CalendarTableViewCell.m in Sources */,
				63D623FD0F9C8D3200B85775 /* SelectOptionsViewController.m in Sources */,
				C8AAF88A0FA1B56900A7EE9C /* CalendarTableViewCell1.m in Sources */,
				63C364DC0FA6FCE6008D96DA /* CycleTableViewCell.m in Sources */,
				63A195EA0FC28BBD00C5A377 /* PainViewController.m in Sources */,
				63A197500FC2ABDA00C5A377 /* InfoViewController.m in Sources */,
				639485E20FC41F630008BD59 /* SleepTableViewCell.m in Sources */,
				636602C410142F2E00EF1CBB /* HSK_CFUtilities.m in Sources */,
				636602C510142F2E00EF1CBB /* SKPSMTPMessage.m in Sources */,
				636602C610142F2E00EF1CBB /* NSStream+SKPSMTPExtensions.m in Sources */,
				636602C710142F2E00EF1CBB /* NSData+Base64Additions.m in Sources */,
				636602C810142F2E00EF1CBB /* Base64Transcoder.m in Sources */,
				636604BC10144F5000EF1CBB /* ContactViewController.m in Sources */,
				6310B0691021BBF300F4DE3C /* TwoTextEntryViewController.m in Sources */,
				63E95FFD10465ED300E5931D /* SelectViewController.m in Sources */,
				D83A2BFB107316E100A3D68E /* NewSwitchTableViewCell.m in Sources */,
			);
			runOnlyForDeploymentPostprocessing = 0;
		};
/* End PBXSourcesBuildPhase section */

/* Begin XCBuildConfiguration section */
		1D6058940D05DD3E006BFB54 /* Debug */ = {
			isa = XCBuildConfiguration;
			buildSettings = {
				ALWAYS_SEARCH_USER_PATHS = NO;
				CODE_SIGN_IDENTITY = "";
				"CODE_SIGN_IDENTITY[sdk=iphoneos*]" = "iPhone Developer: Rahul Patel (VRUD33QE3K)";
				CODE_SIGN_RESOURCE_RULES_PATH = "$(SDKROOT)/ResourceRules.plist";
				COPY_PHASE_STRIP = NO;
				GCC_DYNAMIC_NO_PIC = NO;
				GCC_OPTIMIZATION_LEVEL = 0;
				GCC_PRECOMPILE_PREFIX_HEADER = YES;
				GCC_PREFIX_HEADER = HealthTracker_Prefix.pch;
				INFOPLIST_FILE = Info.plist;
				PRODUCT_NAME = hLog;
				"PROVISIONING_PROFILE[sdk=iphoneos*]" = "809933F8-FF91-495E-876A-FDA7A0AFC3A6";
				SDKROOT = iphoneos2.2.1;
			};
			name = Debug;
		};
		1D6058950D05DD3E006BFB54 /* Release */ = {
			isa = XCBuildConfiguration;
			buildSettings = {
				ALWAYS_SEARCH_USER_PATHS = NO;
				CODE_SIGN_IDENTITY = "";
				"CODE_SIGN_IDENTITY[sdk=iphoneos*]" = "iPhone Developer: Dipen Patel (7NYVA5M28W)";
				CODE_SIGN_RESOURCE_RULES_PATH = "";
				COPY_PHASE_STRIP = YES;
				GCC_PRECOMPILE_PREFIX_HEADER = YES;
				GCC_PREFIX_HEADER = HealthTracker_Prefix.pch;
				INFOPLIST_FILE = Info.plist;
				PRODUCT_NAME = hLogLite;
				"PROVISIONING_PROFILE[sdk=iphoneos*]" = "331A0396-8BD8-435A-8D04-F9757B9C263D";
				SDKROOT = iphoneos2.2.1;
			};
			name = Release;
		};
		C01FCF4F08A954540054247B /* Debug */ = {
			isa = XCBuildConfiguration;
			buildSettings = {
				ARCHS = "$(ARCHS_STANDARD_32_BIT)";
				CODE_SIGN_IDENTITY = "Don't Code Sign";
				"CODE_SIGN_IDENTITY[sdk=iphoneos*]" = "Don't Code Sign";
				GCC_C_LANGUAGE_STANDARD = c99;
				GCC_WARN_ABOUT_RETURN_TYPE = YES;
				GCC_WARN_UNUSED_VARIABLE = YES;
				ONLY_ACTIVE_ARCH = YES;
				PREBINDING = NO;
				SDKROOT = iphonesimulator2.2;
			};
			name = Debug;
		};
		C01FCF5008A954540054247B /* Release */ = {
			isa = XCBuildConfiguration;
			buildSettings = {
				ARCHS = "$(ARCHS_STANDARD_32_BIT)";
				CODE_SIGN_IDENTITY = "Don't Code Sign";
				"CODE_SIGN_IDENTITY[sdk=iphoneos*]" = "Don't Code Sign";
				GCC_C_LANGUAGE_STANDARD = c99;
				GCC_WARN_ABOUT_RETURN_TYPE = YES;
				GCC_WARN_UNUSED_VARIABLE = YES;
				PREBINDING = NO;
				SDKROOT = iphonesimulator2.2;
			};
			name = Release;
		};
/* End XCBuildConfiguration section */

/* Begin XCConfigurationList section */
		1D6058960D05DD3E006BFB54 /* Build configuration list for PBXNativeTarget "HealthTracker" */ = {
			isa = XCConfigurationList;
			buildConfigurations = (
				1D6058940D05DD3E006BFB54 /* Debug */,
				1D6058950D05DD3E006BFB54 /* Release */,
			);
			defaultConfigurationIsVisible = 0;
			defaultConfigurationName = Debug;
		};
		C01FCF4E08A954540054247B /* Build configuration list for PBXProject "HealthTracker" */ = {
			isa = XCConfigurationList;
			buildConfigurations = (
				C01FCF4F08A954540054247B /* Debug */,
				C01FCF5008A954540054247B /* Release */,
			);
			defaultConfigurationIsVisible = 0;
			defaultConfigurationName = Debug;
		};
/* End XCConfigurationList section */
	};
	rootObject = 29B97313FDCFA39411CA2CEA /* Project object */;
}
